
Microsoft Visual Studio Solution File, Format Version 12.00
# Visual Studio 15
VisualStudioVersion = 15.0.26124.0
MinimumVisualStudioVersion = 15.0.26124.0
Project("{2150E333-8FDC-42A3-9474-1A3956D46DE8}") = "src", "src", "{FEA533E6-FDB1-4BD4-850F-905393099C5E}"
EndProject
Project("{FAE04EC0-301F-11D3-BF4B-00C04F79EFBC}") = "Foo", "src\Foo\Foo.csproj", "{A776E7C9-0AD3-403F-9B05-55CC2FFD6B8A}"
EndProject
Project("{2150E333-8FDC-42A3-9474-1A3956D46DE8}") = "test", "test", "{35BE653A-E7D9-4E63-9805-7D923888A977}"
EndProject
Project("{FAE04EC0-301F-11D3-BF4B-00C04F79EFBC}") = "Foo.Tests", "test\Foo.Tests\Foo.Tests.csproj", "{F408B758-0268-4F61-9ECC-A6496CE29A35}"
EndProject
Global
	GlobalSection(SolutionConfigurationPlatforms) = preSolution
		Debug|Any CPU = Debug|Any CPU
		Debug|x64 = Debug|x64
		Debug|x86 = Debug|x86
		Release|Any CPU = Release|Any CPU
		Release|x64 = Release|x64
		Release|x86 = Release|x86
	EndGlobalSection
	GlobalSection(SolutionProperties) = preSolution
		HideSolutionNode = FALSE
	EndGlobalSection
	GlobalSection(ProjectConfigurationPlatforms) = postSolution
		{A776E7C9-0AD3-403F-9B05-55CC2FFD6B8A}.Debug|Any CPU.ActiveCfg = Debug|Any CPU
		{A776E7C9-0AD3-403F-9B05-55CC2FFD6B8A}.Debug|Any CPU.Build.0 = Debug|Any CPU
		{A776E7C9-0AD3-403F-9B05-55CC2FFD6B8A}.Debug|x64.ActiveCfg = Debug|Any CPU
		{A776E7C9-0AD3-403F-9B05-55CC2FFD6B8A}.Debug|x64.Build.0 = Debug|Any CPU
		{A776E7C9-0AD3-403F-9B05-55CC2FFD6B8A}.Debug|x86.ActiveCfg = Debug|Any CPU
		{A776E7C9-0AD3-403F-9B05-55CC2FFD6B8A}.Debug|x86.Build.0 = Debug|Any CPU
		{A776E7C9-0AD3-403F-9B05-55CC2FFD6B8A}.Release|Any CPU.ActiveCfg = Release|Any CPU
		{A776E7C9-0AD3-403F-9B05-55CC2FFD6B8A}.Release|Any CPU.Build.0 = Release|Any CPU
		{A776E7C9-0AD3-403F-9B05-55CC2FFD6B8A}.Release|x64.ActiveCfg = Release|Any CPU
		{A776E7C9-0AD3-403F-9B05-55CC2FFD6B8A}.Release|x64.Build.0 = Release|Any CPU
		{A776E7C9-0AD3-403F-9B05-55CC2FFD6B8A}.Release|x86.ActiveCfg = Release|Any CPU
		{A776E7C9-0AD3-403F-9B05-55CC2FFD6B8A}.Release|x86.Build.0 = Release|Any CPU
		{F408B758-0268-4F61-9ECC-A6496CE29A35}.Debug|Any CPU.ActiveCfg = Debug|Any CPU
		{F408B758-0268-4F61-9ECC-A6496CE29A35}.Debug|Any CPU.Build.0 = Debug|Any CPU
		{F408B758-0268-4F61-9ECC-A6496CE29A35}.Debug|x64.ActiveCfg = Debug|Any CPU
		{F408B758-0268-4F61-9ECC-A6496CE29A35}.Debug|x64.Build.0 = Debug|Any CPU
		{F408B758-0268-4F61-9ECC-A6496CE29A35}.Debug|x86.ActiveCfg = Debug|Any CPU
		{F408B758-0268-4F61-9ECC-A6496CE29A35}.Debug|x86.Build.0 = Debug|Any CPU
		{F408B758-0268-4F61-9ECC-A6496CE29A35}.Release|Any CPU.ActiveCfg = Release|Any CPU
		{F408B758-0268-4F61-9ECC-A6496CE29A35}.Release|Any CPU.Build.0 = Release|Any CPU
		{F408B758-0268-4F61-9ECC-A6496CE29A35}.Release|x64.ActiveCfg = Release|Any CPU
		{F408B758-0268-4F61-9ECC-A6496CE29A35}.Release|x64.Build.0 = Release|Any CPU
		{F408B758-0268-4F61-9ECC-A6496CE29A35}.Release|x86.ActiveCfg = Release|Any CPU
		{F408B758-0268-4F61-9ECC-A6496CE29A35}.Release|x86.Build.0 = Release|Any CPU
	EndGlobalSection
	GlobalSection(NestedProjects) = preSolution
		{A776E7C9-0AD3-403F-9B05-55CC2FFD6B8A} = {FEA533E6-FDB1-4BD4-850F-905393099C5E}
		{F408B758-0268-4F61-9ECC-A6496CE29A35} = {35BE653A-E7D9-4E63-9805-7D923888A977}
	EndGlobalSection
EndGlobal
